
Microsoft Visual Studio Solution File, Format Version 12.00
# Visual Studio 15
VisualStudioVersion = 15.0.26430.14
MinimumVisualStudioVersion = 10.0.40219.1
Project("{FAE04EC0-301F-11D3-BF4B-00C04F79EFBC}") = "CDExampleApp", "CDExampleApp.csproj", "{A0676AF4-EF8C-4C60-BA3B-48B7023B73F4}"
EndProject
Project("{FAE04EC0-301F-11D3-BF4B-00C04F79EFBC}") = "CDExampleApp.Tests", "..\CDExampleApp.Tests\CDExampleApp.Tests.csproj", "{AAAACA64-B35D-43F4-B726-3134E7EBD1C4}"
EndProject
Global
	GlobalSection(SolutionConfigurationPlatforms) = preSolution
		Debug|Any CPU = Debug|Any CPU
		Release|Any CPU = Release|Any CPU
	EndGlobalSection
	GlobalSection(ProjectConfigurationPlatforms) = postSolution
		{A0676AF4-EF8C-4C60-BA3B-48B7023B73F4}.Debug|Any CPU.ActiveCfg = Debug|Any CPU
		{A0676AF4-EF8C-4C60-BA3B-48B7023B73F4}.Debug|Any CPU.Build.0 = Debug|Any CPU
		{A0676AF4-EF8C-4C60-BA3B-48B7023B73F4}.Release|Any CPU.ActiveCfg = Release|Any CPU
		{A0676AF4-EF8C-4C60-BA3B-48B7023B73F4}.Release|Any CPU.Build.0 = Release|Any CPU
		{AAAACA64-B35D-43F4-B726-3134E7EBD1C4}.Debug|Any CPU.ActiveCfg = Debug|Any CPU
		{AAAACA64-B35D-43F4-B726-3134E7EBD1C4}.Debug|Any CPU.Build.0 = Debug|Any CPU
		{AAAACA64-B35D-43F4-B726-3134E7EBD1C4}.Release|Any CPU.ActiveCfg = Release|Any CPU
		{AAAACA64-B35D-43F4-B726-3134E7EBD1C4}.Release|Any CPU.Build.0 = Release|Any CPU
	EndGlobalSection
	GlobalSection(SolutionProperties) = preSolution
		HideSolutionNode = FALSE
	EndGlobalSection
EndGlobal
